// !$*UTF8*$!
{
	archiveVersion = 1;
	classes = {
	};
	objectVersion = 48;
	objects = {

/* Begin PBXBuildFile section */
		9AEF66AECC534B5E96915667 /* Pods_ThankYouRelayUITests.framework in Frameworks */ = {isa = PBXBuildFile; fileRef = B63E9EE7FF7B26E727039E5C /* Pods_ThankYouRelayUITests.framework */; };
		A11CC0CD829AAE897662AAFA /* Pods_ThankYouRelayTests.framework in Frameworks */ = {isa = PBXBuildFile; fileRef = 64A21C810206B67EFEE2252A /* Pods_ThankYouRelayTests.framework */; };
		CE66D8C2203BC11900B2A379 /* AppDelegate.swift in Sources */ = {isa = PBXBuildFile; fileRef = CE66D8C1203BC11900B2A379 /* AppDelegate.swift */; };
		CE66D8C4203BC11900B2A379 /* TopViewController.swift in Sources */ = {isa = PBXBuildFile; fileRef = CE66D8C3203BC11900B2A379 /* TopViewController.swift */; };
		CE66D8C7203BC11900B2A379 /* Main.storyboard in Resources */ = {isa = PBXBuildFile; fileRef = CE66D8C5203BC11900B2A379 /* Main.storyboard */; };
		CE66D8C9203BC11900B2A379 /* Assets.xcassets in Resources */ = {isa = PBXBuildFile; fileRef = CE66D8C8203BC11900B2A379 /* Assets.xcassets */; };
		CE66D8CC203BC11900B2A379 /* LaunchScreen.storyboard in Resources */ = {isa = PBXBuildFile; fileRef = CE66D8CA203BC11900B2A379 /* LaunchScreen.storyboard */; };
		CE66D8D7203BC11A00B2A379 /* ThankYouRelayTests.swift in Sources */ = {isa = PBXBuildFile; fileRef = CE66D8D6203BC11A00B2A379 /* ThankYouRelayTests.swift */; };
		CE66D8E2203BC11A00B2A379 /* ThankYouRelayUITests.swift in Sources */ = {isa = PBXBuildFile; fileRef = CE66D8E1203BC11A00B2A379 /* ThankYouRelayUITests.swift */; };
		CE85E1D6203C05D2005AAC6E /* TransitionButton.swift in Sources */ = {isa = PBXBuildFile; fileRef = CE85E1D5203C05D2005AAC6E /* TransitionButton.swift */; };
		E4F5961028C9D85188B7F93B /* Pods_ThankYouRelay.framework in Frameworks */ = {isa = PBXBuildFile; fileRef = 2122407709D0C53166F8603C /* Pods_ThankYouRelay.framework */; };
/* End PBXBuildFile section */

/* Begin PBXContainerItemProxy section */
		CE66D8D3203BC11A00B2A379 /* PBXContainerItemProxy */ = {
			isa = PBXContainerItemProxy;
			containerPortal = CE66D8B6203BC11900B2A379 /* Project object */;
			proxyType = 1;
			remoteGlobalIDString = CE66D8BD203BC11900B2A379;
			remoteInfo = ThankYouRelay;
		};
		CE66D8DE203BC11A00B2A379 /* PBXContainerItemProxy */ = {
			isa = PBXContainerItemProxy;
			containerPortal = CE66D8B6203BC11900B2A379 /* Project object */;
			proxyType = 1;
			remoteGlobalIDString = CE66D8BD203BC11900B2A379;
			remoteInfo = ThankYouRelay;
		};
/* End PBXContainerItemProxy section */

/* Begin PBXFileReference section */
		2122407709D0C53166F8603C /* Pods_ThankYouRelay.framework */ = {isa = PBXFileReference; explicitFileType = wrapper.framework; includeInIndex = 0; path = Pods_ThankYouRelay.framework; sourceTree = BUILT_PRODUCTS_DIR; };
		3E2A70A75CF62DE229BC4093 /* Pods-ThankYouRelayUITests.debug.xcconfig */ = {isa = PBXFileReference; includeInIndex = 1; lastKnownFileType = text.xcconfig; name = "Pods-ThankYouRelayUITests.debug.xcconfig"; path = "Pods/Target Support Files/Pods-ThankYouRelayUITests/Pods-ThankYouRelayUITests.debug.xcconfig"; sourceTree = "<group>"; };
		53DF2DC26E8528EB9649ED61 /* Pods-ThankYouRelayUITests.release.xcconfig */ = {isa = PBXFileReference; includeInIndex = 1; lastKnownFileType = text.xcconfig; name = "Pods-ThankYouRelayUITests.release.xcconfig"; path = "Pods/Target Support Files/Pods-ThankYouRelayUITests/Pods-ThankYouRelayUITests.release.xcconfig"; sourceTree = "<group>"; };
		57CDAF5B388E5D86B2FE4E42 /* Pods-ThankYouRelay.release.xcconfig */ = {isa = PBXFileReference; includeInIndex = 1; lastKnownFileType = text.xcconfig; name = "Pods-ThankYouRelay.release.xcconfig"; path = "Pods/Target Support Files/Pods-ThankYouRelay/Pods-ThankYouRelay.release.xcconfig"; sourceTree = "<group>"; };
		64A21C810206B67EFEE2252A /* Pods_ThankYouRelayTests.framework */ = {isa = PBXFileReference; explicitFileType = wrapper.framework; includeInIndex = 0; path = Pods_ThankYouRelayTests.framework; sourceTree = BUILT_PRODUCTS_DIR; };
		8E487AA07251F93C3A436061 /* Pods-ThankYouRelay.debug.xcconfig */ = {isa = PBXFileReference; includeInIndex = 1; lastKnownFileType = text.xcconfig; name = "Pods-ThankYouRelay.debug.xcconfig"; path = "Pods/Target Support Files/Pods-ThankYouRelay/Pods-ThankYouRelay.debug.xcconfig"; sourceTree = "<group>"; };
		97B370AB49673ECA548A210A /* Pods-ThankYouRelayTests.debug.xcconfig */ = {isa = PBXFileReference; includeInIndex = 1; lastKnownFileType = text.xcconfig; name = "Pods-ThankYouRelayTests.debug.xcconfig"; path = "Pods/Target Support Files/Pods-ThankYouRelayTests/Pods-ThankYouRelayTests.debug.xcconfig"; sourceTree = "<group>"; };
		B63E9EE7FF7B26E727039E5C /* Pods_ThankYouRelayUITests.framework */ = {isa = PBXFileReference; explicitFileType = wrapper.framework; includeInIndex = 0; path = Pods_ThankYouRelayUITests.framework; sourceTree = BUILT_PRODUCTS_DIR; };
		BE684C00ECE238BF114E1C2E /* Pods-ThankYouRelayTests.release.xcconfig */ = {isa = PBXFileReference; includeInIndex = 1; lastKnownFileType = text.xcconfig; name = "Pods-ThankYouRelayTests.release.xcconfig"; path = "Pods/Target Support Files/Pods-ThankYouRelayTests/Pods-ThankYouRelayTests.release.xcconfig"; sourceTree = "<group>"; };
		CE66D8BE203BC11900B2A379 /* ThankYouRelay.app */ = {isa = PBXFileReference; explicitFileType = wrapper.application; includeInIndex = 0; path = ThankYouRelay.app; sourceTree = BUILT_PRODUCTS_DIR; };
		CE66D8C1203BC11900B2A379 /* AppDelegate.swift */ = {isa = PBXFileReference; lastKnownFileType = sourcecode.swift; path = AppDelegate.swift; sourceTree = "<group>"; };
		CE66D8C3203BC11900B2A379 /* TopViewController.swift */ = {isa = PBXFileReference; lastKnownFileType = sourcecode.swift; path = TopViewController.swift; sourceTree = "<group>"; };
		CE66D8C6203BC11900B2A379 /* Base */ = {isa = PBXFileReference; lastKnownFileType = file.storyboard; name = Base; path = Base.lproj/Main.storyboard; sourceTree = "<group>"; };
		CE66D8C8203BC11900B2A379 /* Assets.xcassets */ = {isa = PBXFileReference; lastKnownFileType = folder.assetcatalog; path = Assets.xcassets; sourceTree = "<group>"; };
		CE66D8CB203BC11900B2A379 /* Base */ = {isa = PBXFileReference; lastKnownFileType = file.storyboard; name = Base; path = Base.lproj/LaunchScreen.storyboard; sourceTree = "<group>"; };
		CE66D8CD203BC11900B2A379 /* Info.plist */ = {isa = PBXFileReference; lastKnownFileType = text.plist.xml; path = Info.plist; sourceTree = "<group>"; };
		CE66D8D2203BC11A00B2A379 /* ThankYouRelayTests.xctest */ = {isa = PBXFileReference; explicitFileType = wrapper.cfbundle; includeInIndex = 0; path = ThankYouRelayTests.xctest; sourceTree = BUILT_PRODUCTS_DIR; };
		CE66D8D6203BC11A00B2A379 /* ThankYouRelayTests.swift */ = {isa = PBXFileReference; lastKnownFileType = sourcecode.swift; path = ThankYouRelayTests.swift; sourceTree = "<group>"; };
		CE66D8D8203BC11A00B2A379 /* Info.plist */ = {isa = PBXFileReference; lastKnownFileType = text.plist.xml; path = Info.plist; sourceTree = "<group>"; };
		CE66D8DD203BC11A00B2A379 /* ThankYouRelayUITests.xctest */ = {isa = PBXFileReference; explicitFileType = wrapper.cfbundle; includeInIndex = 0; path = ThankYouRelayUITests.xctest; sourceTree = BUILT_PRODUCTS_DIR; };
		CE66D8E1203BC11A00B2A379 /* ThankYouRelayUITests.swift */ = {isa = PBXFileReference; lastKnownFileType = sourcecode.swift; path = ThankYouRelayUITests.swift; sourceTree = "<group>"; };
		CE66D8E3203BC11A00B2A379 /* Info.plist */ = {isa = PBXFileReference; lastKnownFileType = text.plist.xml; path = Info.plist; sourceTree = "<group>"; };
		CE85E1D5203C05D2005AAC6E /* TransitionButton.swift */ = {isa = PBXFileReference; lastKnownFileType = sourcecode.swift; path = TransitionButton.swift; sourceTree = "<group>"; };
/* End PBXFileReference section */

/* Begin PBXFrameworksBuildPhase section */
		CE66D8BB203BC11900B2A379 /* Frameworks */ = {
			isa = PBXFrameworksBuildPhase;
			buildActionMask = 2147483647;
			files = (
				E4F5961028C9D85188B7F93B /* Pods_ThankYouRelay.framework in Frameworks */,
			);
			runOnlyForDeploymentPostprocessing = 0;
		};
		CE66D8CF203BC11A00B2A379 /* Frameworks */ = {
			isa = PBXFrameworksBuildPhase;
			buildActionMask = 2147483647;
			files = (
				A11CC0CD829AAE897662AAFA /* Pods_ThankYouRelayTests.framework in Frameworks */,
			);
			runOnlyForDeploymentPostprocessing = 0;
		};
		CE66D8DA203BC11A00B2A379 /* Frameworks */ = {
			isa = PBXFrameworksBuildPhase;
			buildActionMask = 2147483647;
			files = (
				9AEF66AECC534B5E96915667 /* Pods_ThankYouRelayUITests.framework in Frameworks */,
			);
			runOnlyForDeploymentPostprocessing = 0;
		};
/* End PBXFrameworksBuildPhase section */

/* Begin PBXGroup section */
		5438DE7759D2CAA23DCF6577 /* Frameworks */ = {
			isa = PBXGroup;
			children = (
				2122407709D0C53166F8603C /* Pods_ThankYouRelay.framework */,
				64A21C810206B67EFEE2252A /* Pods_ThankYouRelayTests.framework */,
				B63E9EE7FF7B26E727039E5C /* Pods_ThankYouRelayUITests.framework */,
			);
			name = Frameworks;
			sourceTree = "<group>";
		};
		69DFBCB65D847870F62ECACE /* Pods */ = {
			isa = PBXGroup;
			children = (
				8E487AA07251F93C3A436061 /* Pods-ThankYouRelay.debug.xcconfig */,
				57CDAF5B388E5D86B2FE4E42 /* Pods-ThankYouRelay.release.xcconfig */,
				97B370AB49673ECA548A210A /* Pods-ThankYouRelayTests.debug.xcconfig */,
				BE684C00ECE238BF114E1C2E /* Pods-ThankYouRelayTests.release.xcconfig */,
				3E2A70A75CF62DE229BC4093 /* Pods-ThankYouRelayUITests.debug.xcconfig */,
				53DF2DC26E8528EB9649ED61 /* Pods-ThankYouRelayUITests.release.xcconfig */,
			);
			name = Pods;
			sourceTree = "<group>";
		};
		CE66D8B5203BC11900B2A379 = {
			isa = PBXGroup;
			children = (
				CE66D8C0203BC11900B2A379 /* ThankYouRelay */,
				CE66D8D5203BC11A00B2A379 /* ThankYouRelayTests */,
				CE66D8E0203BC11A00B2A379 /* ThankYouRelayUITests */,
				CE66D8BF203BC11900B2A379 /* Products */,
				69DFBCB65D847870F62ECACE /* Pods */,
				5438DE7759D2CAA23DCF6577 /* Frameworks */,
			);
			sourceTree = "<group>";
		};
		CE66D8BF203BC11900B2A379 /* Products */ = {
			isa = PBXGroup;
			children = (
				CE66D8BE203BC11900B2A379 /* ThankYouRelay.app */,
				CE66D8D2203BC11A00B2A379 /* ThankYouRelayTests.xctest */,
				CE66D8DD203BC11A00B2A379 /* ThankYouRelayUITests.xctest */,
			);
			name = Products;
			sourceTree = "<group>";
		};
		CE66D8C0203BC11900B2A379 /* ThankYouRelay */ = {
			isa = PBXGroup;
			children = (
				CE66D8C1203BC11900B2A379 /* AppDelegate.swift */,
				CE66D8C3203BC11900B2A379 /* TopViewController.swift */,
				CE66D8C5203BC11900B2A379 /* Main.storyboard */,
				CE66D8C8203BC11900B2A379 /* Assets.xcassets */,
				CE66D8CA203BC11900B2A379 /* LaunchScreen.storyboard */,
				CE66D8CD203BC11900B2A379 /* Info.plist */,
				CE85E1D5203C05D2005AAC6E /* TransitionButton.swift */,
			);
			path = ThankYouRelay;
			sourceTree = "<group>";
		};
		CE66D8D5203BC11A00B2A379 /* ThankYouRelayTests */ = {
			isa = PBXGroup;
			children = (
				CE66D8D6203BC11A00B2A379 /* ThankYouRelayTests.swift */,
				CE66D8D8203BC11A00B2A379 /* Info.plist */,
			);
			path = ThankYouRelayTests;
			sourceTree = "<group>";
		};
		CE66D8E0203BC11A00B2A379 /* ThankYouRelayUITests */ = {
			isa = PBXGroup;
			children = (
				CE66D8E1203BC11A00B2A379 /* ThankYouRelayUITests.swift */,
				CE66D8E3203BC11A00B2A379 /* Info.plist */,
			);
			path = ThankYouRelayUITests;
			sourceTree = "<group>";
		};
/* End PBXGroup section */

/* Begin PBXNativeTarget section */
		CE66D8BD203BC11900B2A379 /* ThankYouRelay */ = {
			isa = PBXNativeTarget;
			buildConfigurationList = CE66D8E6203BC11A00B2A379 /* Build configuration list for PBXNativeTarget "ThankYouRelay" */;
			buildPhases = (
				AF279FEEA1AB39543A145E1E /* [CP] Check Pods Manifest.lock */,
				CE66D8BA203BC11900B2A379 /* Sources */,
				CE66D8BB203BC11900B2A379 /* Frameworks */,
				CE66D8BC203BC11900B2A379 /* Resources */,
				7413DC657B6A32010A61A9B3 /* [CP] Embed Pods Frameworks */,
				7F57E15ADD78A2EBC70E783C /* [CP] Copy Pods Resources */,
			);
			buildRules = (
			);
			dependencies = (
			);
			name = ThankYouRelay;
			productName = ThankYouRelay;
			productReference = CE66D8BE203BC11900B2A379 /* ThankYouRelay.app */;
			productType = "com.apple.product-type.application";
		};
		CE66D8D1203BC11A00B2A379 /* ThankYouRelayTests */ = {
			isa = PBXNativeTarget;
			buildConfigurationList = CE66D8E9203BC11A00B2A379 /* Build configuration list for PBXNativeTarget "ThankYouRelayTests" */;
			buildPhases = (
				38498F8CE8460704A96D5293 /* [CP] Check Pods Manifest.lock */,
				CE66D8CE203BC11A00B2A379 /* Sources */,
				CE66D8CF203BC11A00B2A379 /* Frameworks */,
				CE66D8D0203BC11A00B2A379 /* Resources */,
				40EA9280B9668FFC0E5AF9A1 /* [CP] Embed Pods Frameworks */,
				AE3753491FD58538A9BEB318 /* [CP] Copy Pods Resources */,
			);
			buildRules = (
			);
			dependencies = (
				CE66D8D4203BC11A00B2A379 /* PBXTargetDependency */,
			);
			name = ThankYouRelayTests;
			productName = ThankYouRelayTests;
			productReference = CE66D8D2203BC11A00B2A379 /* ThankYouRelayTests.xctest */;
			productType = "com.apple.product-type.bundle.unit-test";
		};
		CE66D8DC203BC11A00B2A379 /* ThankYouRelayUITests */ = {
			isa = PBXNativeTarget;
			buildConfigurationList = CE66D8EC203BC11A00B2A379 /* Build configuration list for PBXNativeTarget "ThankYouRelayUITests" */;
			buildPhases = (
				8E55F54CE5B245748C14F79A /* [CP] Check Pods Manifest.lock */,
				CE66D8D9203BC11A00B2A379 /* Sources */,
				CE66D8DA203BC11A00B2A379 /* Frameworks */,
				CE66D8DB203BC11A00B2A379 /* Resources */,
				FC521F859E4C4A03E95100ED /* [CP] Embed Pods Frameworks */,
				A4F0512A34651154FC24704E /* [CP] Copy Pods Resources */,
			);
			buildRules = (
			);
			dependencies = (
				CE66D8DF203BC11A00B2A379 /* PBXTargetDependency */,
			);
			name = ThankYouRelayUITests;
			productName = ThankYouRelayUITests;
			productReference = CE66D8DD203BC11A00B2A379 /* ThankYouRelayUITests.xctest */;
			productType = "com.apple.product-type.bundle.ui-testing";
		};
/* End PBXNativeTarget section */

/* Begin PBXProject section */
		CE66D8B6203BC11900B2A379 /* Project object */ = {
			isa = PBXProject;
			attributes = {
				LastSwiftUpdateCheck = 0920;
				LastUpgradeCheck = 0920;
				ORGANIZATIONNAME = "Takanori Watanabe";
				TargetAttributes = {
					CE66D8BD203BC11900B2A379 = {
						CreatedOnToolsVersion = 9.2;
						ProvisioningStyle = Automatic;
					};
					CE66D8D1203BC11A00B2A379 = {
						CreatedOnToolsVersion = 9.2;
						ProvisioningStyle = Automatic;
						TestTargetID = CE66D8BD203BC11900B2A379;
					};
					CE66D8DC203BC11A00B2A379 = {
						CreatedOnToolsVersion = 9.2;
						ProvisioningStyle = Automatic;
						TestTargetID = CE66D8BD203BC11900B2A379;
					};
				};
			};
			buildConfigurationList = CE66D8B9203BC11900B2A379 /* Build configuration list for PBXProject "ThankYouRelay" */;
			compatibilityVersion = "Xcode 8.0";
			developmentRegion = en;
			hasScannedForEncodings = 0;
			knownRegions = (
				en,
				Base,
			);
			mainGroup = CE66D8B5203BC11900B2A379;
			productRefGroup = CE66D8BF203BC11900B2A379 /* Products */;
			projectDirPath = "";
			projectRoot = "";
			targets = (
				CE66D8BD203BC11900B2A379 /* ThankYouRelay */,
				CE66D8D1203BC11A00B2A379 /* ThankYouRelayTests */,
				CE66D8DC203BC11A00B2A379 /* ThankYouRelayUITests */,
			);
		};
/* End PBXProject section */

/* Begin PBXResourcesBuildPhase section */
		CE66D8BC203BC11900B2A379 /* Resources */ = {
			isa = PBXResourcesBuildPhase;
			buildActionMask = 2147483647;
			files = (
				CE66D8CC203BC11900B2A379 /* LaunchScreen.storyboard in Resources */,
				CE66D8C9203BC11900B2A379 /* Assets.xcassets in Resources */,
				CE66D8C7203BC11900B2A379 /* Main.storyboard in Resources */,
			);
			runOnlyForDeploymentPostprocessing = 0;
		};
		CE66D8D0203BC11A00B2A379 /* Resources */ = {
			isa = PBXResourcesBuildPhase;
			buildActionMask = 2147483647;
			files = (
			);
			runOnlyForDeploymentPostprocessing = 0;
		};
		CE66D8DB203BC11A00B2A379 /* Resources */ = {
			isa = PBXResourcesBuildPhase;
			buildActionMask = 2147483647;
			files = (
			);
			runOnlyForDeploymentPostprocessing = 0;
		};
/* End PBXResourcesBuildPhase section */

/* Begin PBXShellScriptBuildPhase section */
		38498F8CE8460704A96D5293 /* [CP] Check Pods Manifest.lock */ = {
			isa = PBXShellScriptBuildPhase;
			buildActionMask = 2147483647;
			files = (
			);
			inputPaths = (
				"${PODS_PODFILE_DIR_PATH}/Podfile.lock",
				"${PODS_ROOT}/Manifest.lock",
			);
			name = "[CP] Check Pods Manifest.lock";
			outputPaths = (
				"$(DERIVED_FILE_DIR)/Pods-ThankYouRelayTests-checkManifestLockResult.txt",
			);
			runOnlyForDeploymentPostprocessing = 0;
			shellPath = /bin/sh;
			shellScript = "diff \"${PODS_PODFILE_DIR_PATH}/Podfile.lock\" \"${PODS_ROOT}/Manifest.lock\" > /dev/null\nif [ $? != 0 ] ; then\n    # print error to STDERR\n    echo \"error: The sandbox is not in sync with the Podfile.lock. Run 'pod install' or update your CocoaPods installation.\" >&2\n    exit 1\nfi\n# This output is used by Xcode 'outputs' to avoid re-running this script phase.\necho \"SUCCESS\" > \"${SCRIPT_OUTPUT_FILE_0}\"\n";
			showEnvVarsInLog = 0;
		};
		40EA9280B9668FFC0E5AF9A1 /* [CP] Embed Pods Frameworks */ = {
			isa = PBXShellScriptBuildPhase;
			buildActionMask = 2147483647;
			files = (
			);
			inputPaths = (
			);
			name = "[CP] Embed Pods Frameworks";
			outputPaths = (
			);
			runOnlyForDeploymentPostprocessing = 0;
			shellPath = /bin/sh;
			shellScript = "\"${SRCROOT}/Pods/Target Support Files/Pods-ThankYouRelayTests/Pods-ThankYouRelayTests-frameworks.sh\"\n";
			showEnvVarsInLog = 0;
		};
		7413DC657B6A32010A61A9B3 /* [CP] Embed Pods Frameworks */ = {
			isa = PBXShellScriptBuildPhase;
			buildActionMask = 2147483647;
			files = (
			);
			inputPaths = (
				"${SRCROOT}/Pods/Target Support Files/Pods-ThankYouRelay/Pods-ThankYouRelay-frameworks.sh",
				"${BUILT_PRODUCTS_DIR}/BubbleTransition/BubbleTransition.framework",
				"${BUILT_PRODUCTS_DIR}/RAMAnimatedTabBarController/RAMAnimatedTabBarController.framework",
			);
			name = "[CP] Embed Pods Frameworks";
			outputPaths = (
				"${TARGET_BUILD_DIR}/${FRAMEWORKS_FOLDER_PATH}/BubbleTransition.framework",
				"${TARGET_BUILD_DIR}/${FRAMEWORKS_FOLDER_PATH}/RAMAnimatedTabBarController.framework",
			);
			runOnlyForDeploymentPostprocessing = 0;
			shellPath = /bin/sh;
			shellScript = "\"${SRCROOT}/Pods/Target Support Files/Pods-ThankYouRelay/Pods-ThankYouRelay-frameworks.sh\"\n";
			showEnvVarsInLog = 0;
		};
		7F57E15ADD78A2EBC70E783C /* [CP] Copy Pods Resources */ = {
			isa = PBXShellScriptBuildPhase;
			buildActionMask = 2147483647;
			files = (
			);
			inputPaths = (
			);
			name = "[CP] Copy Pods Resources";
			outputPaths = (
			);
			runOnlyForDeploymentPostprocessing = 0;
			shellPath = /bin/sh;
			shellScript = "\"${SRCROOT}/Pods/Target Support Files/Pods-ThankYouRelay/Pods-ThankYouRelay-resources.sh\"\n";
			showEnvVarsInLog = 0;
		};
		8E55F54CE5B245748C14F79A /* [CP] Check Pods Manifest.lock */ = {
			isa = PBXShellScriptBuildPhase;
			buildActionMask = 2147483647;
			files = (
			);
			inputPaths = (
				"${PODS_PODFILE_DIR_PATH}/Podfile.lock",
				"${PODS_ROOT}/Manifest.lock",
			);
			name = "[CP] Check Pods Manifest.lock";
			outputPaths = (
				"$(DERIVED_FILE_DIR)/Pods-ThankYouRelayUITests-checkManifestLockResult.txt",
			);
			runOnlyForDeploymentPostprocessing = 0;
			shellPath = /bin/sh;
			shellScript = "diff \"${PODS_PODFILE_DIR_PATH}/Podfile.lock\" \"${PODS_ROOT}/Manifest.lock\" > /dev/null\nif [ $? != 0 ] ; then\n    # print error to STDERR\n    echo \"error: The sandbox is not in sync with the Podfile.lock. Run 'pod install' or update your CocoaPods installation.\" >&2\n    exit 1\nfi\n# This output is used by Xcode 'outputs' to avoid re-running this script phase.\necho \"SUCCESS\" > \"${SCRIPT_OUTPUT_FILE_0}\"\n";
			showEnvVarsInLog = 0;
		};
		A4F0512A34651154FC24704E /* [CP] Copy Pods Resources */ = {
			isa = PBXShellScriptBuildPhase;
			buildActionMask = 2147483647;
			files = (
			);
			inputPaths = (
			);
			name = "[CP] Copy Pods Resources";
			outputPaths = (
			);
			runOnlyForDeploymentPostprocessing = 0;
			shellPath = /bin/sh;
			shellScript = "\"${SRCROOT}/Pods/Target Support Files/Pods-ThankYouRelayUITests/Pods-ThankYouRelayUITests-resources.sh\"\n";
			showEnvVarsInLog = 0;
		};
		AE3753491FD58538A9BEB318 /* [CP] Copy Pods Resources */ = {
			isa = PBXShellScriptBuildPhase;
			buildActionMask = 2147483647;
			files = (
			);
			inputPaths = (
			);
			name = "[CP] Copy Pods Resources";
			outputPaths = (
			);
			runOnlyForDeploymentPostprocessing = 0;
			shellPath = /bin/sh;
			shellScript = "\"${SRCROOT}/Pods/Target Support Files/Pods-ThankYouRelayTests/Pods-ThankYouRelayTests-resources.sh\"\n";
			showEnvVarsInLog = 0;
		};
		AF279FEEA1AB39543A145E1E /* [CP] Check Pods Manifest.lock */ = {
			isa = PBXShellScriptBuildPhase;
			buildActionMask = 2147483647;
			files = (
			);
			inputPaths = (
				"${PODS_PODFILE_DIR_PATH}/Podfile.lock",
				"${PODS_ROOT}/Manifest.lock",
			);
			name = "[CP] Check Pods Manifest.lock";
			outputPaths = (
				"$(DERIVED_FILE_DIR)/Pods-ThankYouRelay-checkManifestLockResult.txt",
			);
			runOnlyForDeploymentPostprocessing = 0;
			shellPath = /bin/sh;
			shellScript = "diff \"${PODS_PODFILE_DIR_PATH}/Podfile.lock\" \"${PODS_ROOT}/Manifest.lock\" > /dev/null\nif [ $? != 0 ] ; then\n    # print error to STDERR\n    echo \"error: The sandbox is not in sync with the Podfile.lock. Run 'pod install' or update your CocoaPods installation.\" >&2\n    exit 1\nfi\n# This output is used by Xcode 'outputs' to avoid re-running this script phase.\necho \"SUCCESS\" > \"${SCRIPT_OUTPUT_FILE_0}\"\n";
			showEnvVarsInLog = 0;
		};
		FC521F859E4C4A03E95100ED /* [CP] Embed Pods Frameworks */ = {
			isa = PBXShellScriptBuildPhase;
			buildActionMask = 2147483647;
			files = (
			);
			inputPaths = (
			);
			name = "[CP] Embed Pods Frameworks";
			outputPaths = (
			);
			runOnlyForDeploymentPostprocessing = 0;
			shellPath = /bin/sh;
			shellScript = "\"${SRCROOT}/Pods/Target Support Files/Pods-ThankYouRelayUITests/Pods-ThankYouRelayUITests-frameworks.sh\"\n";
			showEnvVarsInLog = 0;
		};
/* End PBXShellScriptBuildPhase section */

/* Begin PBXSourcesBuildPhase section */
		CE66D8BA203BC11900B2A379 /* Sources */ = {
			isa = PBXSourcesBuildPhase;
			buildActionMask = 2147483647;
			files = (
				CE85E1D6203C05D2005AAC6E /* TransitionButton.swift in Sources */,
				CE66D8C4203BC11900B2A379 /* TopViewController.swift in Sources */,
				CE66D8C2203BC11900B2A379 /* AppDelegate.swift in Sources */,
			);
			runOnlyForDeploymentPostprocessing = 0;
		};
		CE66D8CE203BC11A00B2A379 /* Sources */ = {
			isa = PBXSourcesBuildPhase;
			buildActionMask = 2147483647;
			files = (
				CE66D8D7203BC11A00B2A379 /* ThankYouRelayTests.swift in Sources */,
			);
			runOnlyForDeploymentPostprocessing = 0;
		};
		CE66D8D9203BC11A00B2A379 /* Sources */ = {
			isa = PBXSourcesBuildPhase;
			buildActionMask = 2147483647;
			files = (
				CE66D8E2203BC11A00B2A379 /* ThankYouRelayUITests.swift in Sources */,
			);
			runOnlyForDeploymentPostprocessing = 0;
		};
/* End PBXSourcesBuildPhase section */

/* Begin PBXTargetDependency section */
		CE66D8D4203BC11A00B2A379 /* PBXTargetDependency */ = {
			isa = PBXTargetDependency;
			target = CE66D8BD203BC11900B2A379 /* ThankYouRelay */;
			targetProxy = CE66D8D3203BC11A00B2A379 /* PBXContainerItemProxy */;
		};
		CE66D8DF203BC11A00B2A379 /* PBXTargetDependency */ = {
			isa = PBXTargetDependency;
			target = CE66D8BD203BC11900B2A379 /* ThankYouRelay */;
			targetProxy = CE66D8DE203BC11A00B2A379 /* PBXContainerItemProxy */;
		};
/* End PBXTargetDependency section */

/* Begin PBXVariantGroup section */
		CE66D8C5203BC11900B2A379 /* Main.storyboard */ = {
			isa = PBXVariantGroup;
			children = (
				CE66D8C6203BC11900B2A379 /* Base */,
			);
			name = Main.storyboard;
			sourceTree = "<group>";
		};
		CE66D8CA203BC11900B2A379 /* LaunchScreen.storyboard */ = {
			isa = PBXVariantGroup;
			children = (
				CE66D8CB203BC11900B2A379 /* Base */,
			);
			name = LaunchScreen.storyboard;
			sourceTree = "<group>";
		};
/* End PBXVariantGroup section */

/* Begin XCBuildConfiguration section */
		CE66D8E4203BC11A00B2A379 /* Debug */ = {
			isa = XCBuildConfiguration;
			buildSettings = {
				ALWAYS_SEARCH_USER_PATHS = NO;
				CLANG_ANALYZER_NONNULL = YES;
				CLANG_ANALYZER_NUMBER_OBJECT_CONVERSION = YES_AGGRESSIVE;
				CLANG_CXX_LANGUAGE_STANDARD = "gnu++14";
				CLANG_CXX_LIBRARY = "libc++";
				CLANG_ENABLE_MODULES = YES;
				CLANG_ENABLE_OBJC_ARC = YES;
				CLANG_WARN_BLOCK_CAPTURE_AUTORELEASING = YES;
				CLANG_WARN_BOOL_CONVERSION = YES;
				CLANG_WARN_COMMA = YES;
				CLANG_WARN_CONSTANT_CONVERSION = YES;
				CLANG_WARN_DIRECT_OBJC_ISA_USAGE = YES_ERROR;
				CLANG_WARN_DOCUMENTATION_COMMENTS = YES;
				CLANG_WARN_EMPTY_BODY = YES;
				CLANG_WARN_ENUM_CONVERSION = YES;
				CLANG_WARN_INFINITE_RECURSION = YES;
				CLANG_WARN_INT_CONVERSION = YES;
				CLANG_WARN_NON_LITERAL_NULL_CONVERSION = YES;
				CLANG_WARN_OBJC_LITERAL_CONVERSION = YES;
				CLANG_WARN_OBJC_ROOT_CLASS = YES_ERROR;
				CLANG_WARN_RANGE_LOOP_ANALYSIS = YES;
				CLANG_WARN_STRICT_PROTOTYPES = YES;
				CLANG_WARN_SUSPICIOUS_MOVE = YES;
				CLANG_WARN_UNGUARDED_AVAILABILITY = YES_AGGRESSIVE;
				CLANG_WARN_UNREACHABLE_CODE = YES;
				CLANG_WARN__DUPLICATE_METHOD_MATCH = YES;
				CODE_SIGN_IDENTITY = "iPhone Developer";
				COPY_PHASE_STRIP = NO;
				DEBUG_INFORMATION_FORMAT = dwarf;
				ENABLE_STRICT_OBJC_MSGSEND = YES;
				ENABLE_TESTABILITY = YES;
				GCC_C_LANGUAGE_STANDARD = gnu11;
				GCC_DYNAMIC_NO_PIC = NO;
				GCC_NO_COMMON_BLOCKS = YES;
				GCC_OPTIMIZATION_LEVEL = 0;
				GCC_PREPROCESSOR_DEFINITIONS = (
					"DEBUG=1",
					"$(inherited)",
				);
				GCC_WARN_64_TO_32_BIT_CONVERSION = YES;
				GCC_WARN_ABOUT_RETURN_TYPE = YES_ERROR;
				GCC_WARN_UNDECLARED_SELECTOR = YES;
				GCC_WARN_UNINITIALIZED_AUTOS = YES_AGGRESSIVE;
				GCC_WARN_UNUSED_FUNCTION = YES;
				GCC_WARN_UNUSED_VARIABLE = YES;
				IPHONEOS_DEPLOYMENT_TARGET = 11.2;
				MTL_ENABLE_DEBUG_INFO = YES;
				ONLY_ACTIVE_ARCH = YES;
				SDKROOT = iphoneos;
				SWIFT_ACTIVE_COMPILATION_CONDITIONS = DEBUG;
				SWIFT_OPTIMIZATION_LEVEL = "-Onone";
			};
			name = Debug;
		};
		CE66D8E5203BC11A00B2A379 /* Release */ = {
			isa = XCBuildConfiguration;
			buildSettings = {
				ALWAYS_SEARCH_USER_PATHS = NO;
				CLANG_ANALYZER_NONNULL = YES;
				CLANG_ANALYZER_NUMBER_OBJECT_CONVERSION = YES_AGGRESSIVE;
				CLANG_CXX_LANGUAGE_STANDARD = "gnu++14";
				CLANG_CXX_LIBRARY = "libc++";
				CLANG_ENABLE_MODULES = YES;
				CLANG_ENABLE_OBJC_ARC = YES;
				CLANG_WARN_BLOCK_CAPTURE_AUTORELEASING = YES;
				CLANG_WARN_BOOL_CONVERSION = YES;
				CLANG_WARN_COMMA = YES;
				CLANG_WARN_CONSTANT_CONVERSION = YES;
				CLANG_WARN_DIRECT_OBJC_ISA_USAGE = YES_ERROR;
				CLANG_WARN_DOCUMENTATION_COMMENTS = YES;
				CLANG_WARN_EMPTY_BODY = YES;
				CLANG_WARN_ENUM_CONVERSION = YES;
				CLANG_WARN_INFINITE_RECURSION = YES;
				CLANG_WARN_INT_CONVERSION = YES;
				CLANG_WARN_NON_LITERAL_NULL_CONVERSION = YES;
				CLANG_WARN_OBJC_LITERAL_CONVERSION = YES;
				CLANG_WARN_OBJC_ROOT_CLASS = YES_ERROR;
				CLANG_WARN_RANGE_LOOP_ANALYSIS = YES;
				CLANG_WARN_STRICT_PROTOTYPES = YES;
				CLANG_WARN_SUSPICIOUS_MOVE = YES;
				CLANG_WARN_UNGUARDED_AVAILABILITY = YES_AGGRESSIVE;
				CLANG_WARN_UNREACHABLE_CODE = YES;
				CLANG_WARN__DUPLICATE_METHOD_MATCH = YES;
				CODE_SIGN_IDENTITY = "iPhone Developer";
				COPY_PHASE_STRIP = NO;
				DEBUG_INFORMATION_FORMAT = "dwarf-with-dsym";
				ENABLE_NS_ASSERTIONS = NO;
				ENABLE_STRICT_OBJC_MSGSEND = YES;
				GCC_C_LANGUAGE_STANDARD = gnu11;
				GCC_NO_COMMON_BLOCKS = YES;
				GCC_WARN_64_TO_32_BIT_CONVERSION = YES;
				GCC_WARN_ABOUT_RETURN_TYPE = YES_ERROR;
				GCC_WARN_UNDECLARED_SELECTOR = YES;
				GCC_WARN_UNINITIALIZED_AUTOS = YES_AGGRESSIVE;
				GCC_WARN_UNUSED_FUNCTION = YES;
				GCC_WARN_UNUSED_VARIABLE = YES;
				IPHONEOS_DEPLOYMENT_TARGET = 11.2;
				MTL_ENABLE_DEBUG_INFO = NO;
				SDKROOT = iphoneos;
				SWIFT_OPTIMIZATION_LEVEL = "-Owholemodule";
				VALIDATE_PRODUCT = YES;
			};
			name = Release;
		};
		CE66D8E7203BC11A00B2A379 /* Debug */ = {
			isa = XCBuildConfiguration;
			baseConfigurationReference = 8E487AA07251F93C3A436061 /* Pods-ThankYouRelay.debug.xcconfig */;
			buildSettings = {
				ASSETCATALOG_COMPILER_APPICON_NAME = AppIcon;
				CODE_SIGN_STYLE = Automatic;
				DEVELOPMENT_TEAM = 5SX5ZQ3X8P;
				INFOPLIST_FILE = ThankYouRelay/Info.plist;
				LD_RUNPATH_SEARCH_PATHS = "$(inherited) @executable_path/Frameworks";
				PRODUCT_BUNDLE_IDENTIFIER = "jp.ac.u-aizu.blockforth.ThankYouRelay";
				PRODUCT_NAME = "$(TARGET_NAME)";
				SWIFT_VERSION = 4.0;
				TARGETED_DEVICE_FAMILY = "1,2";
			};
			name = Debug;
		};
		CE66D8E8203BC11A00B2A379 /* Release */ = {
			isa = XCBuildConfiguration;
			baseConfigurationReference = 57CDAF5B388E5D86B2FE4E42 /* Pods-ThankYouRelay.release.xcconfig */;
			buildSettings = {
				ASSETCATALOG_COMPILER_APPICON_NAME = AppIcon;
				CODE_SIGN_STYLE = Automatic;
				DEVELOPMENT_TEAM = 5SX5ZQ3X8P;
				INFOPLIST_FILE = ThankYouRelay/Info.plist;
				LD_RUNPATH_SEARCH_PATHS = "$(inherited) @executable_path/Frameworks";
				PRODUCT_BUNDLE_IDENTIFIER = "jp.ac.u-aizu.blockforth.ThankYouRelay";
				PRODUCT_NAME = "$(TARGET_NAME)";
				SWIFT_VERSION = 4.0;
				TARGETED_DEVICE_FAMILY = "1,2";
			};
			name = Release;
		};
		CE66D8EA203BC11A00B2A379 /* Debug */ = {
			isa = XCBuildConfiguration;
			baseConfigurationReference = 97B370AB49673ECA548A210A /* Pods-ThankYouRelayTests.debug.xcconfig */;
			buildSettings = {
				ALWAYS_EMBED_SWIFT_STANDARD_LIBRARIES = YES;
				BUNDLE_LOADER = "$(TEST_HOST)";
				CODE_SIGN_STYLE = Automatic;
				DEVELOPMENT_TEAM = 5SX5ZQ3X8P;
				INFOPLIST_FILE = ThankYouRelayTests/Info.plist;
				LD_RUNPATH_SEARCH_PATHS = "$(inherited) @executable_path/Frameworks @loader_path/Frameworks";
				PRODUCT_BUNDLE_IDENTIFIER = "jp.ac.u-aizu.blockforth.ThankYouRelayTests";
				PRODUCT_NAME = "$(TARGET_NAME)";
				SWIFT_VERSION = 4.0;
				TARGETED_DEVICE_FAMILY = "1,2";
				TEST_HOST = "$(BUILT_PRODUCTS_DIR)/ThankYouRelay.app/ThankYouRelay";
			};
			name = Debug;
		};
		CE66D8EB203BC11A00B2A379 /* Release */ = {
			isa = XCBuildConfiguration;
			baseConfigurationReference = BE684C00ECE238BF114E1C2E /* Pods-ThankYouRelayTests.release.xcconfig */;
			buildSettings = {
				ALWAYS_EMBED_SWIFT_STANDARD_LIBRARIES = YES;
				BUNDLE_LOADER = "$(TEST_HOST)";
				CODE_SIGN_STYLE = Automatic;
				DEVELOPMENT_TEAM = 5SX5ZQ3X8P;
				INFOPLIST_FILE = ThankYouRelayTests/Info.plist;
				LD_RUNPATH_SEARCH_PATHS = "$(inherited) @executable_path/Frameworks @loader_path/Frameworks";
				PRODUCT_BUNDLE_IDENTIFIER = "jp.ac.u-aizu.blockforth.ThankYouRelayTests";
				PRODUCT_NAME = "$(TARGET_NAME)";
				SWIFT_VERSION = 4.0;
				TARGETED_DEVICE_FAMILY = "1,2";
				TEST_HOST = "$(BUILT_PRODUCTS_DIR)/ThankYouRelay.app/ThankYouRelay";
			};
			name = Release;
		};
		CE66D8ED203BC11A00B2A379 /* Debug */ = {
			isa = XCBuildConfiguration;
			baseConfigurationReference = 3E2A70A75CF62DE229BC4093 /* Pods-ThankYouRelayUITests.debug.xcconfig */;
			buildSettings = {
				ALWAYS_EMBED_SWIFT_STANDARD_LIBRARIES = YES;
				CODE_SIGN_STYLE = Automatic;
				DEVELOPMENT_TEAM = 5SX5ZQ3X8P;
				INFOPLIST_FILE = ThankYouRelayUITests/Info.plist;
				LD_RUNPATH_SEARCH_PATHS = "$(inherited) @executable_path/Frameworks @loader_path/Frameworks";
				PRODUCT_BUNDLE_IDENTIFIER = "jp.ac.u-aizu.blockforth.ThankYouRelayUITests";
				PRODUCT_NAME = "$(TARGET_NAME)";
				SWIFT_VERSION = 4.0;
				TARGETED_DEVICE_FAMILY = "1,2";
				TEST_TARGET_NAME = ThankYouRelay;
			};
			name = Debug;
		};
		CE66D8EE203BC11A00B2A379 /* Release */ = {
			isa = XCBuildConfiguration;
			baseConfigurationReference = 53DF2DC26E8528EB9649ED61 /* Pods-ThankYouRelayUITests.release.xcconfig */;
			buildSettings = {
				ALWAYS_EMBED_SWIFT_STANDARD_LIBRARIES = YES;
				CODE_SIGN_STYLE = Automatic;
				DEVELOPMENT_TEAM = 5SX5ZQ3X8P;
				INFOPLIST_FILE = ThankYouRelayUITests/Info.plist;
				LD_RUNPATH_SEARCH_PATHS = "$(inherited) @executable_path/Frameworks @loader_path/Frameworks";
				PRODUCT_BUNDLE_IDENTIFIER = "jp.ac.u-aizu.blockforth.ThankYouRelayUITests";
				PRODUCT_NAME = "$(TARGET_NAME)";
				SWIFT_VERSION = 4.0;
				TARGETED_DEVICE_FAMILY = "1,2";
				TEST_TARGET_NAME = ThankYouRelay;
			};
			name = Release;
		};
/* End XCBuildConfiguration section */

/* Begin XCConfigurationList section */
		CE66D8B9203BC11900B2A379 /* Build configuration list for PBXProject "ThankYouRelay" */ = {
			isa = XCConfigurationList;
			buildConfigurations = (
				CE66D8E4203BC11A00B2A379 /* Debug */,
				CE66D8E5203BC11A00B2A379 /* Release */,
			);
			defaultConfigurationIsVisible = 0;
			defaultConfigurationName = Release;
		};
		CE66D8E6203BC11A00B2A379 /* Build configuration list for PBXNativeTarget "ThankYouRelay" */ = {
			isa = XCConfigurationList;
			buildConfigurations = (
				CE66D8E7203BC11A00B2A379 /* Debug */,
				CE66D8E8203BC11A00B2A379 /* Release */,
			);
			defaultConfigurationIsVisible = 0;
			defaultConfigurationName = Release;
		};
		CE66D8E9203BC11A00B2A379 /* Build configuration list for PBXNativeTarget "ThankYouRelayTests" */ = {
			isa = XCConfigurationList;
			buildConfigurations = (
				CE66D8EA203BC11A00B2A379 /* Debug */,
				CE66D8EB203BC11A00B2A379 /* Release */,
			);
			defaultConfigurationIsVisible = 0;
			defaultConfigurationName = Release;
		};
		CE66D8EC203BC11A00B2A379 /* Build configuration list for PBXNativeTarget "ThankYouRelayUITests" */ = {
			isa = XCConfigurationList;
			buildConfigurations = (
				CE66D8ED203BC11A00B2A379 /* Debug */,
				CE66D8EE203BC11A00B2A379 /* Release */,
			);
			defaultConfigurationIsVisible = 0;
			defaultConfigurationName = Release;
		};
/* End XCConfigurationList section */
	};
	rootObject = CE66D8B6203BC11900B2A379 /* Project object */;
}
